
Microsoft Visual Studio Solution File, Format Version 12.00
# Visual Studio Version 17
VisualStudioVersion = 17.3.32819.101
MinimumVisualStudioVersion = 10.0.40219.1
Project("{FAE04EC0-301F-11D3-BF4B-00C04F79EFBC}") = "WebApplicationCurrencyCore6", "WebApplicationCurrencyCore6.csproj", "{0DB8E21F-36CB-487F-82EE-6201AF0143BC}"
EndProject
Project("{9A19103F-16F7-4668-BE54-9A1E7A4F7556}") = "CurrencyCore", "..\CurrencySprint3\CurrencyCore\CurrencyCore.csproj", "{45035A28-429E-4F36-BA85-386DD9145D0D}"
EndProject
Global
	GlobalSection(SolutionConfigurationPlatforms) = preSolution
		Debug|Any CPU = Debug|Any CPU
		Release|Any CPU = Release|Any CPU
	EndGlobalSection
	GlobalSection(ProjectConfigurationPlatforms) = postSolution
		{0DB8E21F-36CB-487F-82EE-6201AF0143BC}.Debug|Any CPU.ActiveCfg = Debug|Any CPU
		{0DB8E21F-36CB-487F-82EE-6201AF0143BC}.Debug|Any CPU.Build.0 = Debug|Any CPU
		{0DB8E21F-36CB-487F-82EE-6201AF0143BC}.Release|Any CPU.ActiveCfg = Release|Any CPU
		{0DB8E21F-36CB-487F-82EE-6201AF0143BC}.Release|Any CPU.Build.0 = Release|Any CPU
		{45035A28-429E-4F36-BA85-386DD9145D0D}.Debug|Any CPU.ActiveCfg = Debug|Any CPU
		{45035A28-429E-4F36-BA85-386DD9145D0D}.Debug|Any CPU.Build.0 = Debug|Any CPU
		{45035A28-429E-4F36-BA85-386DD9145D0D}.Release|Any CPU.ActiveCfg = Release|Any CPU
		{45035A28-429E-4F36-BA85-386DD9145D0D}.Release|Any CPU.Build.0 = Release|Any CPU
	EndGlobalSection
	GlobalSection(SolutionProperties) = preSolution
		HideSolutionNode = FALSE
	EndGlobalSection
	GlobalSection(ExtensibilityGlobals) = postSolution
		SolutionGuid = {34059011-3412-4F26-9E3C-418737707910}
	EndGlobalSection
EndGlobal
