
Microsoft Visual Studio Solution File, Format Version 12.00
# Visual Studio Version 17
VisualStudioVersion = 17.11.35219.272
MinimumVisualStudioVersion = 10.0.40219.1
Project("{FAE04EC0-301F-11D3-BF4B-00C04F79EFBC}") = "WebApplicationCurrencyCore8", "WebApplicationCurrencyCore8\WebApplicationCurrencyCore8.csproj", "{B4B05349-A66A-4A37-8DA4-4D212B951628}"
EndProject
Project("{9A19103F-16F7-4668-BE54-9A1E7A4F7556}") = "CurrencyCore", "CurrencyCore\CurrencyCore.csproj", "{91CC9DB2-E724-418F-9CEF-8D790A8ED29C}"
EndProject
Global
	GlobalSection(SolutionConfigurationPlatforms) = preSolution
		Debug|Any CPU = Debug|Any CPU
		Release|Any CPU = Release|Any CPU
	EndGlobalSection
	GlobalSection(ProjectConfigurationPlatforms) = postSolution
		{B4B05349-A66A-4A37-8DA4-4D212B951628}.Debug|Any CPU.ActiveCfg = Debug|Any CPU
		{B4B05349-A66A-4A37-8DA4-4D212B951628}.Debug|Any CPU.Build.0 = Debug|Any CPU
		{B4B05349-A66A-4A37-8DA4-4D212B951628}.Release|Any CPU.ActiveCfg = Release|Any CPU
		{B4B05349-A66A-4A37-8DA4-4D212B951628}.Release|Any CPU.Build.0 = Release|Any CPU
		{91CC9DB2-E724-418F-9CEF-8D790A8ED29C}.Debug|Any CPU.ActiveCfg = Debug|Any CPU
		{91CC9DB2-E724-418F-9CEF-8D790A8ED29C}.Debug|Any CPU.Build.0 = Debug|Any CPU
		{91CC9DB2-E724-418F-9CEF-8D790A8ED29C}.Release|Any CPU.ActiveCfg = Release|Any CPU
		{91CC9DB2-E724-418F-9CEF-8D790A8ED29C}.Release|Any CPU.Build.0 = Release|Any CPU
	EndGlobalSection
	GlobalSection(SolutionProperties) = preSolution
		HideSolutionNode = FALSE
	EndGlobalSection
	GlobalSection(ExtensibilityGlobals) = postSolution
		SolutionGuid = {51376740-E4FA-436F-A990-9EEEA86A41EF}
	EndGlobalSection
EndGlobal
