
Microsoft Visual Studio Solution File, Format Version 12.00
# Visual Studio 15
VisualStudioVersion = 15.0.26730.3
MinimumVisualStudioVersion = 10.0.40219.1
Project("{FAE04EC0-301F-11D3-BF4B-00C04F79EFBC}") = "WpfAppCurrency", "WpfAppCurrency\WpfAppCurrency.csproj", "{CC87851A-ACEF-4C29-8C27-EC8FD622B05C}"
EndProject
Project("{FAE04EC0-301F-11D3-BF4B-00C04F79EFBC}") = "Currency", "..\CurrencySprint3\Currency\Currency.csproj", "{86C18263-1CCF-4642-ADFC-992B46B8F564}"
EndProject
Project("{FAE04EC0-301F-11D3-BF4B-00C04F79EFBC}") = "UnitTestWpfAppCurrency", "UnitTestWpfAppCurrency\UnitTestWpfAppCurrency.csproj", "{41C648DC-BDD9-4BF6-811D-B1F6C8B93857}"
EndProject
Project("{FAE04EC0-301F-11D3-BF4B-00C04F79EFBC}") = "UnitTestsCurrency", "..\CurrencySprint3\UnitTestsCurrency\UnitTestsCurrency.csproj", "{55ECC220-5A6D-4A64-9E94-DB4E06315586}"
EndProject
Global
	GlobalSection(SolutionConfigurationPlatforms) = preSolution
		Debug|Any CPU = Debug|Any CPU
		Release|Any CPU = Release|Any CPU
	EndGlobalSection
	GlobalSection(ProjectConfigurationPlatforms) = postSolution
		{CC87851A-ACEF-4C29-8C27-EC8FD622B05C}.Debug|Any CPU.ActiveCfg = Debug|Any CPU
		{CC87851A-ACEF-4C29-8C27-EC8FD622B05C}.Debug|Any CPU.Build.0 = Debug|Any CPU
		{CC87851A-ACEF-4C29-8C27-EC8FD622B05C}.Release|Any CPU.ActiveCfg = Release|Any CPU
		{CC87851A-ACEF-4C29-8C27-EC8FD622B05C}.Release|Any CPU.Build.0 = Release|Any CPU
		{86C18263-1CCF-4642-ADFC-992B46B8F564}.Debug|Any CPU.ActiveCfg = Debug|Any CPU
		{86C18263-1CCF-4642-ADFC-992B46B8F564}.Debug|Any CPU.Build.0 = Debug|Any CPU
		{86C18263-1CCF-4642-ADFC-992B46B8F564}.Release|Any CPU.ActiveCfg = Release|Any CPU
		{86C18263-1CCF-4642-ADFC-992B46B8F564}.Release|Any CPU.Build.0 = Release|Any CPU
		{41C648DC-BDD9-4BF6-811D-B1F6C8B93857}.Debug|Any CPU.ActiveCfg = Debug|Any CPU
		{41C648DC-BDD9-4BF6-811D-B1F6C8B93857}.Debug|Any CPU.Build.0 = Debug|Any CPU
		{41C648DC-BDD9-4BF6-811D-B1F6C8B93857}.Release|Any CPU.ActiveCfg = Release|Any CPU
		{41C648DC-BDD9-4BF6-811D-B1F6C8B93857}.Release|Any CPU.Build.0 = Release|Any CPU
		{55ECC220-5A6D-4A64-9E94-DB4E06315586}.Debug|Any CPU.ActiveCfg = Debug|Any CPU
		{55ECC220-5A6D-4A64-9E94-DB4E06315586}.Debug|Any CPU.Build.0 = Debug|Any CPU
		{55ECC220-5A6D-4A64-9E94-DB4E06315586}.Release|Any CPU.ActiveCfg = Release|Any CPU
		{55ECC220-5A6D-4A64-9E94-DB4E06315586}.Release|Any CPU.Build.0 = Release|Any CPU
	EndGlobalSection
	GlobalSection(SolutionProperties) = preSolution
		HideSolutionNode = FALSE
	EndGlobalSection
	GlobalSection(ExtensibilityGlobals) = postSolution
		SolutionGuid = {04F300E9-763A-478E-8426-F4F7BD952A96}
	EndGlobalSection
EndGlobal
