
Microsoft Visual Studio Solution File, Format Version 12.00
# Visual Studio 15
VisualStudioVersion = 15.0.26730.3
MinimumVisualStudioVersion = 10.0.40219.1
Project("{FAE04EC0-301F-11D3-BF4B-00C04F79EFBC}") = "OOPFlyingVehicleMidterm", "OOPFlyingVehicleMidterm\OOPFlyingVehicleMidterm.csproj", "{B59AA848-277C-4A4B-A9DD-7F7E996A789F}"
EndProject
Project("{FAE04EC0-301F-11D3-BF4B-00C04F79EFBC}") = "UnitTestFlyingVehicle", "UnitTestFlyingVehicle\UnitTestFlyingVehicle.csproj", "{A9BA0A8B-B658-409F-8F68-48940FE6787E}"
EndProject
Global
	GlobalSection(SolutionConfigurationPlatforms) = preSolution
		Debug|Any CPU = Debug|Any CPU
		Release|Any CPU = Release|Any CPU
	EndGlobalSection
	GlobalSection(ProjectConfigurationPlatforms) = postSolution
		{B59AA848-277C-4A4B-A9DD-7F7E996A789F}.Debug|Any CPU.ActiveCfg = Debug|Any CPU
		{B59AA848-277C-4A4B-A9DD-7F7E996A789F}.Debug|Any CPU.Build.0 = Debug|Any CPU
		{B59AA848-277C-4A4B-A9DD-7F7E996A789F}.Release|Any CPU.ActiveCfg = Release|Any CPU
		{B59AA848-277C-4A4B-A9DD-7F7E996A789F}.Release|Any CPU.Build.0 = Release|Any CPU
		{A9BA0A8B-B658-409F-8F68-48940FE6787E}.Debug|Any CPU.ActiveCfg = Debug|Any CPU
		{A9BA0A8B-B658-409F-8F68-48940FE6787E}.Debug|Any CPU.Build.0 = Debug|Any CPU
		{A9BA0A8B-B658-409F-8F68-48940FE6787E}.Release|Any CPU.ActiveCfg = Release|Any CPU
		{A9BA0A8B-B658-409F-8F68-48940FE6787E}.Release|Any CPU.Build.0 = Release|Any CPU
	EndGlobalSection
	GlobalSection(SolutionProperties) = preSolution
		HideSolutionNode = FALSE
	EndGlobalSection
	GlobalSection(ExtensibilityGlobals) = postSolution
		SolutionGuid = {C806EAA1-1E96-4909-9E2E-5A6F04115AE1}
	EndGlobalSection
EndGlobal
